
Microsoft Visual Studio Solution File, Format Version 12.00
# Visual Studio 15
VisualStudioVersion = 15.0.27130.2027
MinimumVisualStudioVersion = 10.0.40219.1
Project("{9A19103F-16F7-4668-BE54-9A1E7A4F7556}") = "DevToolsX.Documents", "Main\DevToolsX.Documents\DevToolsX.Documents.csproj", "{8F393B75-F5A7-43F9-8BD2-EE4FB63B7D74}"
EndProject
Project("{9A19103F-16F7-4668-BE54-9A1E7A4F7556}") = "DevToolsX.Documents.Compilers", "Main\DevToolsX.Documents.Compilers\DevToolsX.Documents.Compilers.csproj", "{7A9A25E6-F07A-47BB-9F9C-C6FD5C4E5ED0}"
EndProject
Project("{9A19103F-16F7-4668-BE54-9A1E7A4F7556}") = "DevToolsX.TempConsole", "Test\DevToolsX.TempConsole\DevToolsX.TempConsole.csproj", "{BE79113C-E680-4165-8EC4-AFDE62F7D13B}"
EndProject
Project("{FAE04EC0-301F-11D3-BF4B-00C04F79EFBC}") = "DevToolsX.Documents.Office", "Main\DevToolsX.Documents.Office\DevToolsX.Documents.Office.csproj", "{82B236B4-2896-45BF-BF48-42FDAB0F6879}"
EndProject
Global
	GlobalSection(SolutionConfigurationPlatforms) = preSolution
		Debug|Any CPU = Debug|Any CPU
		Release|Any CPU = Release|Any CPU
	EndGlobalSection
	GlobalSection(ProjectConfigurationPlatforms) = postSolution
		{8F393B75-F5A7-43F9-8BD2-EE4FB63B7D74}.Debug|Any CPU.ActiveCfg = Debug|Any CPU
		{8F393B75-F5A7-43F9-8BD2-EE4FB63B7D74}.Debug|Any CPU.Build.0 = Debug|Any CPU
		{8F393B75-F5A7-43F9-8BD2-EE4FB63B7D74}.Release|Any CPU.ActiveCfg = Release|Any CPU
		{8F393B75-F5A7-43F9-8BD2-EE4FB63B7D74}.Release|Any CPU.Build.0 = Release|Any CPU
		{7A9A25E6-F07A-47BB-9F9C-C6FD5C4E5ED0}.Debug|Any CPU.ActiveCfg = Debug|Any CPU
		{7A9A25E6-F07A-47BB-9F9C-C6FD5C4E5ED0}.Debug|Any CPU.Build.0 = Debug|Any CPU
		{7A9A25E6-F07A-47BB-9F9C-C6FD5C4E5ED0}.Release|Any CPU.ActiveCfg = Release|Any CPU
		{7A9A25E6-F07A-47BB-9F9C-C6FD5C4E5ED0}.Release|Any CPU.Build.0 = Release|Any CPU
		{BE79113C-E680-4165-8EC4-AFDE62F7D13B}.Debug|Any CPU.ActiveCfg = Debug|Any CPU
		{BE79113C-E680-4165-8EC4-AFDE62F7D13B}.Debug|Any CPU.Build.0 = Debug|Any CPU
		{BE79113C-E680-4165-8EC4-AFDE62F7D13B}.Release|Any CPU.ActiveCfg = Release|Any CPU
		{BE79113C-E680-4165-8EC4-AFDE62F7D13B}.Release|Any CPU.Build.0 = Release|Any CPU
		{82B236B4-2896-45BF-BF48-42FDAB0F6879}.Debug|Any CPU.ActiveCfg = Debug|Any CPU
		{82B236B4-2896-45BF-BF48-42FDAB0F6879}.Debug|Any CPU.Build.0 = Debug|Any CPU
		{82B236B4-2896-45BF-BF48-42FDAB0F6879}.Release|Any CPU.ActiveCfg = Release|Any CPU
		{82B236B4-2896-45BF-BF48-42FDAB0F6879}.Release|Any CPU.Build.0 = Release|Any CPU
	EndGlobalSection
	GlobalSection(SolutionProperties) = preSolution
		HideSolutionNode = FALSE
	EndGlobalSection
	GlobalSection(ExtensibilityGlobals) = postSolution
		SolutionGuid = {F70373BA-9F99-438C-A8B5-42951EF4DA97}
	EndGlobalSection
EndGlobal
